%{"connection": {:hex, :connection, "1.0.2", "f4a06dd3ecae4141aa66f94ce92ea4c4b8753069472814932f1cadbc3078ab80", [:mix], []},
  "db_connection": {:hex, :db_connection, "0.2.5", "3e5e28019e0ec744345568d22a2f5206109bff0e2571f4d7819e0d14cf955f3e", [:mix], [{:sbroker, "~> 0.7", [hex: :sbroker, optional: true]}, {:poolboy, "~> 1.5", [hex: :poolboy, optional: true]}, {:connection, "~> 1.0.2", [hex: :connection, optional: false]}]},
  "decimal": {:hex, :decimal, "1.1.2", "79a769d4657b2d537b51ef3c02d29ab7141d2b486b516c109642d453ee08e00c", [:mix], []},
  "ecto": {:hex, :ecto, "2.0.0-rc.5", "a95184a260edb89669be7746b3b270725ce6940e378b05d19df82eecf52544cb", [:mix], [{:sbroker, "~> 0.7", [hex: :sbroker, optional: true]}, {:postgrex, "~> 0.11.1", [hex: :postgrex, optional: true]}, {:poolboy, "~> 1.5", [hex: :poolboy, optional: false]}, {:poison, "~> 1.5 or ~> 2.0", [hex: :poison, optional: true]}, {:mariaex, "~> 0.7.1", [hex: :mariaex, optional: true]}, {:decimal, "~> 1.0", [hex: :decimal, optional: false]}]},
  "exprintf": {:hex, :exprintf, "0.1.6", "b5b0a38bf78a357dbc61cdf7364fea004af6fdf5214be44021eb2ea7edf61f6e", [:mix], []},
  "memcache_client": {:hex, :memcache_client, "1.0.0", "4695d3d4c3eb6d653aae397587f707d3b2919fc3820b0c86d37a0bca9ba58b2a", [:mix], [{:poolboy, "~> 1.5.1", [hex: :poolboy, optional: false]}, {:poison, "~> 1.5.0", [hex: :poison, optional: false]}]},
  "pipe_here": {:hex, :pipe_here, "1.0.0", "a9e4c3c1ca9441c778b5c3ec9f96fbb50bbb32b2a3a7d1cc565875e7c609522e", [:mix], []},
  "poison": {:hex, :poison, "1.5.2", "560bdfb7449e3ddd23a096929fb9fc2122f709bcc758b2d5d5a5c7d0ea848910", [:mix], []},
  "poolboy": {:hex, :poolboy, "1.5.1", "6b46163901cfd0a1b43d692657ed9d7e599853b3b21b95ae5ae0a777cf9b6ca8", [:rebar], []},
  "postgrex": {:hex, :postgrex, "0.11.1", "f48af70c0a58b9bfd1aaa456ec4273624554cfb837726b6a7f0701da4a94b2dd", [:mix], [{:decimal, "~> 1.0", [hex: :decimal, optional: false]}, {:db_connection, "~> 0.2", [hex: :db_connection, optional: false]}, {:connection, "~> 1.0", [hex: :connection, optional: false]}]}}
